
Microsoft Visual Studio Solution File, Format Version 12.00
# Visual Studio 15
VisualStudioVersion = 15.0.28307.1259
MinimumVisualStudioVersion = 10.0.40219.1
Project("{FAE04EC0-301F-11D3-BF4B-00C04F79EFBC}") = "ServerCodeRest_20180140110_NurAfandiMujib", "ServerCodeRest_20180140110_NurAfandiMujib\ServerCodeRest_20180140110_NurAfandiMujib.csproj", "{33377C75-8132-410D-AFCF-2FE4954DFE0D}"
EndProject
Global
	GlobalSection(SolutionConfigurationPlatforms) = preSolution
		Debug|Any CPU = Debug|Any CPU
		Release|Any CPU = Release|Any CPU
	EndGlobalSection
	GlobalSection(ProjectConfigurationPlatforms) = postSolution
		{33377C75-8132-410D-AFCF-2FE4954DFE0D}.Debug|Any CPU.ActiveCfg = Debug|Any CPU
		{33377C75-8132-410D-AFCF-2FE4954DFE0D}.Debug|Any CPU.Build.0 = Debug|Any CPU
		{33377C75-8132-410D-AFCF-2FE4954DFE0D}.Release|Any CPU.ActiveCfg = Release|Any CPU
		{33377C75-8132-410D-AFCF-2FE4954DFE0D}.Release|Any CPU.Build.0 = Release|Any CPU
	EndGlobalSection
	GlobalSection(SolutionProperties) = preSolution
		HideSolutionNode = FALSE
	EndGlobalSection
	GlobalSection(ExtensibilityGlobals) = postSolution
		SolutionGuid = {F0C88F66-98F7-4E3C-8E3E-7822211F4524}
	EndGlobalSection
EndGlobal
